<?xml version="1.0" encoding="utf-8"?>
<Project ToolsVersion="4.0" xmlns="http://schemas.microsoft.com/developer/msbuild/2003">
  <ItemGroup>
    <ClCompile Include="font.cpp" />
    <ClCompile Include="graphics.cpp" />
    <ClCompile Include="ini.cpp" />
    <ClCompile Include="input.cpp" />
    <ClCompile Include="math.cpp" />
    <ClCompile Include="random.cpp" />
    <ClCompile Include="resource.cpp" />
    <ClCompile Include="sound.cpp" />
    <ClCompile Include="system.cpp" />
    <ClCompile Include="timer.cpp" />
    <ClCompile Include="Zlib\adler32.c">
      <Filter>zlib</Filter>
    </ClCompile>
    <ClCompile Include="Zlib\compress.c">
      <Filter>zlib</Filter>
    </ClCompile>
    <ClCompile Include="Zlib\crc32.c">
      <Filter>zlib</Filter>
    </ClCompile>
    <ClCompile Include="Zlib\deflate.c">
      <Filter>zlib</Filter>
    </ClCompile>
    <ClCompile Include="Zlib\gzio.c">
      <Filter>zlib</Filter>
    </ClCompile>
    <ClCompile Include="Zlib\infback.c">
      <Filter>zlib</Filter>
    </ClCompile>
    <ClCompile Include="Zlib\inffast.c">
      <Filter>zlib</Filter>
    </ClCompile>
    <ClCompile Include="Zlib\inflate.c">
      <Filter>zlib</Filter>
    </ClCompile>
    <ClCompile Include="Zlib\inftrees.c">
      <Filter>zlib</Filter>
    </ClCompile>
    <ClCompile Include="Zlib\ioapi.c">
      <Filter>zlib</Filter>
    </ClCompile>
    <ClCompile Include="Zlib\iowin32.c">
      <Filter>zlib</Filter>
    </ClCompile>
    <ClCompile Include="Zlib\mztools.c">
      <Filter>zlib</Filter>
    </ClCompile>
    <ClCompile Include="Zlib\trees.c">
      <Filter>zlib</Filter>
    </ClCompile>
    <ClCompile Include="Zlib\uncompr.c">
      <Filter>zlib</Filter>
    </ClCompile>
    <ClCompile Include="Zlib\unzip.c">
      <Filter>zlib</Filter>
    </ClCompile>
    <ClCompile Include="Zlib\zip.c">
      <Filter>zlib</Filter>
    </ClCompile>
    <ClCompile Include="Zlib\zutil.c">
      <Filter>zlib</Filter>
    </ClCompile>
    <ClCompile Include="..\..\mmgr\mmgr.cpp">
      <Filter>mmgr</Filter>
    </ClCompile>
  </ItemGroup>
  <ItemGroup>
    <ClInclude Include="..\..\include\hge.h" />
    <ClInclude Include="..\..\include\hge_defines.h" />
    <ClInclude Include="hge_impl.h" />
    <ClInclude Include="..\..\mmgr\nommgr.h">
      <Filter>mmgr</Filter>
    </ClInclude>
    <ClInclude Include="..\..\mmgr\mmgr.h">
      <Filter>mmgr</Filter>
    </ClInclude>
    <ClInclude Include="..\..\include\hge_platform_macro.h" />
  </ItemGroup>
  <ItemGroup>
    <Filter Include="zlib">
      <UniqueIdentifier>{fcc72bf8-5bf4-4337-89ad-b4bfdefaa5ed}</UniqueIdentifier>
    </Filter>
    <Filter Include="mmgr">
      <UniqueIdentifier>{a47bdd76-aa0a-4bb9-8a69-2dc39be672ce}</UniqueIdentifier>
    </Filter>
  </ItemGroup>
</Project>